{
  "version": "4",
  "specifiers": {
    "jsr:@dklab/oak-routing-ctrl@~0.14.1": "0.14.1",
    "jsr:@fullsoak/fullsoak@0.11": "0.11.0",
    "jsr:@oak/commons@1": "1.0.0",
    "jsr:@oak/oak@^17.1.4": "17.1.4",
    "jsr:@std/assert@1": "1.0.11",
    "jsr:@std/bytes@1": "1.0.5",
    "jsr:@std/crypto@1": "1.0.4",
    "jsr:@std/encoding@1": "1.0.7",
    "jsr:@std/encoding@^1.0.7": "1.0.7",
    "jsr:@std/fmt@^1.0.5": "1.0.5",
    "jsr:@std/fs@^1.0.11": "1.0.13",
    "jsr:@std/http@1": "1.0.13",
    "jsr:@std/io@~0.225.2": "0.225.2",
    "jsr:@std/log@~0.224.14": "0.224.14",
    "jsr:@std/media-types@1": "1.1.0",
    "jsr:@std/path@1": "1.0.8",
    "jsr:@std/path@^1.0.8": "1.0.8",
    "npm:@asteasolutions/zod-to-openapi@^7.3.0": "7.3.0_zod@3.24.2",
    "npm:@swc/core@^1.10.18": "1.10.18",
    "npm:clean-css@^5.3.3": "5.3.3",
    "npm:htm@^3.1.1": "3.1.1",
    "npm:path-to-regexp@^6.3.0": "6.3.0",
    "npm:preact-iso@^2.9.0": "2.9.0_preact@10.26.2_preact-render-to-string@6.5.13__preact@10.26.2",
    "npm:preact-render-to-string@^6.5.13": "6.5.13_preact@10.26.2",
    "npm:preact@10.26.2": "10.26.2",
    "npm:preact@^10.26.2": "10.26.2",
    "npm:typescript@^5.7.3": "5.7.3",
    "npm:uglify-js@^3.19.3": "3.19.3",
    "npm:zod@^3.24.2": "3.24.2"
  },
  "jsr": {
    "@dklab/oak-routing-ctrl@0.14.1": {
      "integrity": "6146a4ae2094b721fd66cf26c5251f97698fb3dc9b892cd7552db1906832240a",
      "dependencies": [
        "jsr:@oak/oak",
        "jsr:@std/path@^1.0.8",
        "npm:@asteasolutions/zod-to-openapi",
        "npm:zod"
      ]
    },
    "@fullsoak/fullsoak@0.11.0": {
      "integrity": "eb9d979ee4874f3fc76198224c4d0fd23a0f9ddb95ea825c18c91d747340780a",
      "dependencies": [
        "jsr:@dklab/oak-routing-ctrl",
        "jsr:@oak/oak",
        "jsr:@std/log",
        "jsr:@std/path@^1.0.8",
        "npm:@swc/core",
        "npm:clean-css",
        "npm:htm",
        "npm:preact-render-to-string",
        "npm:preact@10.26.2",
        "npm:typescript",
        "npm:uglify-js"
      ]
    },
    "@oak/commons@1.0.0": {
      "integrity": "49805b55603c3627a9d6235c0655aa2b6222d3036b3a13ff0380c16368f607ac",
      "dependencies": [
        "jsr:@std/assert",
        "jsr:@std/bytes",
        "jsr:@std/crypto",
        "jsr:@std/encoding@1",
        "jsr:@std/http",
        "jsr:@std/media-types"
      ]
    },
    "@oak/oak@17.1.4": {
      "integrity": "60530b582bf276ff741e39cc664026781aa08dd5f2bc5134d756cc427bf2c13e",
      "dependencies": [
        "jsr:@oak/commons",
        "jsr:@std/assert",
        "jsr:@std/bytes",
        "jsr:@std/http",
        "jsr:@std/media-types",
        "jsr:@std/path@1",
        "npm:path-to-regexp"
      ]
    },
    "@std/assert@1.0.11": {
      "integrity": "2461ef3c368fe88bc60e186e7744a93112f16fd110022e113a0849e94d1c83c1"
    },
    "@std/bytes@1.0.5": {
      "integrity": "4465dd739d7963d964c809202ebea6d5c6b8e3829ef25c6a224290fbb8a1021e"
    },
    "@std/crypto@1.0.4": {
      "integrity": "cee245c453bd5366207f4d8aa25ea3e9c86cecad2be3fefcaa6cb17203d79340"
    },
    "@std/encoding@1.0.7": {
      "integrity": "f631247c1698fef289f2de9e2a33d571e46133b38d042905e3eac3715030a82d"
    },
    "@std/fmt@1.0.5": {
      "integrity": "0cfab43364bc36650d83c425cd6d99910fc20c4576631149f0f987eddede1a4d"
    },
    "@std/fs@1.0.13": {
      "integrity": "756d3ff0ade91c9e72b228e8012b6ff00c3d4a4ac9c642c4dac083536bf6c605"
    },
    "@std/http@1.0.13": {
      "integrity": "d29618b982f7ae44380111f7e5b43da59b15db64101198bb5f77100d44eb1e1e",
      "dependencies": [
        "jsr:@std/encoding@^1.0.7"
      ]
    },
    "@std/io@0.225.2": {
      "integrity": "3c740cd4ee4c082e6cfc86458f47e2ab7cb353dc6234d5e9b1f91a2de5f4d6c7"
    },
    "@std/log@0.224.14": {
      "integrity": "257f7adceee3b53bb2bc86c7242e7d1bc59729e57d4981c4a7e5b876c808f05e",
      "dependencies": [
        "jsr:@std/fmt",
        "jsr:@std/fs",
        "jsr:@std/io"
      ]
    },
    "@std/media-types@1.1.0": {
      "integrity": "c9d093f0c05c3512932b330e3cc1fe1d627b301db33a4c2c2185c02471d6eaa4"
    },
    "@std/path@1.0.8": {
      "integrity": "548fa456bb6a04d3c1a1e7477986b6cffbce95102d0bb447c67c4ee70e0364be"
    }
  },
  "npm": {
    "@asteasolutions/zod-to-openapi@7.3.0_zod@3.24.2": {
      "integrity": "sha512-7tE/r1gXwMIvGnXVUdIqUhCU1RevEFC4Jk6Bussa0fk1ecbnnINkZzj1EOAJyE/M3AI25DnHT/zKQL1/FPFi8Q==",
      "dependencies": [
        "openapi3-ts",
        "zod"
      ]
    },
    "@swc/core-darwin-arm64@1.10.18": {
      "integrity": "sha512-FdGqzAIKVQJu8ROlnHElP59XAUsUzCFSNsou+tY/9ba+lhu8R9v0OI5wXiPErrKGZpQFMmx/BPqqhx3X4SuGNg=="
    },
    "@swc/core-darwin-x64@1.10.18": {
      "integrity": "sha512-RZ73gZRituL/ZVLgrW6BYnQ5g8tuStG4cLUiPGJsUZpUm0ullSH6lHFvZTCBNFTfpQChG6eEhi2IdG6DwFp1lw=="
    },
    "@swc/core-linux-arm-gnueabihf@1.10.18": {
      "integrity": "sha512-8iJqI3EkxJuuq21UHoen1VS+QlS23RvynRuk95K+Q2HBjygetztCGGEc+Xelx9a0uPkDaaAtFvds4JMDqb9SAA=="
    },
    "@swc/core-linux-arm64-gnu@1.10.18": {
      "integrity": "sha512-8f1kSktWzMB6PG+r8lOlCfXz5E8Qhsmfwonn77T/OfjvGwQaWrcoASh2cdjpk3dydbf8jsKGPQE1lSc7GyjXRQ=="
    },
    "@swc/core-linux-arm64-musl@1.10.18": {
      "integrity": "sha512-4rv+E4VLdgQw6zjbTAauCAEExxChvxMpBUMCiZweTNPKbJJ2dY6BX2WGJ1ea8+RcgqR/Xysj3AFbOz1LBz6dGA=="
    },
    "@swc/core-linux-x64-gnu@1.10.18": {
      "integrity": "sha512-vTNmyRBVP+sZca+vtwygYPGTNudTU6Gl6XhaZZ7cEUTBr8xvSTgEmYXoK/2uzyXpaTUI4Bmtp1x81cGN0mMoLQ=="
    },
    "@swc/core-linux-x64-musl@1.10.18": {
      "integrity": "sha512-1TZPReKhFCeX776XaT6wegknfg+g3zODve+r4oslFHI+g7cInfWlxoGNDS3niPKyuafgCdOjme2g3OF+zzxfsQ=="
    },
    "@swc/core-win32-arm64-msvc@1.10.18": {
      "integrity": "sha512-o/2CsaWSN3bkzVQ6DA+BiFKSVEYvhWGA1h+wnL2zWmIDs2Knag54sOEXZkCaf8YQyZesGeXJtPEy9hh/vjJgkA=="
    },
    "@swc/core-win32-ia32-msvc@1.10.18": {
      "integrity": "sha512-eTPASeJtk4mJDfWiYEiOC6OYUi/N7meHbNHcU8e+aKABonhXrIo/FmnTE8vsUtC6+jakT1TQBdiQ8fzJ1kJVwA=="
    },
    "@swc/core-win32-x64-msvc@1.10.18": {
      "integrity": "sha512-1Dud8CDBnc34wkBOboFBQud9YlV1bcIQtKSg7zC8LtwR3h+XAaCayZPkpGmmAlCv1DLQPvkF+s0JcaVC9mfffQ=="
    },
    "@swc/core@1.10.18": {
      "integrity": "sha512-IUWKD6uQYGRy8w2X9EZrtYg1O3SCijlHbCXzMaHQYc1X7yjijQh4H3IVL9ssZZyVp2ZDfQZu4bD5DWxxvpyjvg==",
      "dependencies": [
        "@swc/core-darwin-arm64",
        "@swc/core-darwin-x64",
        "@swc/core-linux-arm-gnueabihf",
        "@swc/core-linux-arm64-gnu",
        "@swc/core-linux-arm64-musl",
        "@swc/core-linux-x64-gnu",
        "@swc/core-linux-x64-musl",
        "@swc/core-win32-arm64-msvc",
        "@swc/core-win32-ia32-msvc",
        "@swc/core-win32-x64-msvc",
        "@swc/counter",
        "@swc/types"
      ]
    },
    "@swc/counter@0.1.3": {
      "integrity": "sha512-e2BR4lsJkkRlKZ/qCHPw9ZaSxc0MVUd7gtbtaB7aMvHeJVYe8sOB8DBZkP2DtISHGSku9sCK6T6cnY0CtXrOCQ=="
    },
    "@swc/types@0.1.17": {
      "integrity": "sha512-V5gRru+aD8YVyCOMAjMpWR1Ui577DD5KSJsHP8RAxopAH22jFz6GZd/qxqjO6MJHQhcsjvjOFXyDhyLQUnMveQ==",
      "dependencies": [
        "@swc/counter"
      ]
    },
    "clean-css@5.3.3": {
      "integrity": "sha512-D5J+kHaVb/wKSFcyyV75uCn8fiY4sV38XJoe4CUyGQ+mOU/fMVYUdH1hJC+CJQ5uY3EnW27SbJYS4X8BiLrAFg==",
      "dependencies": [
        "source-map"
      ]
    },
    "htm@3.1.1": {
      "integrity": "sha512-983Vyg8NwUE7JkZ6NmOqpCZ+sh1bKv2iYTlUkzlWmA5JD2acKoxd4KVxbMmxX/85mtfdnDmTFoNKcg5DGAvxNQ=="
    },
    "openapi3-ts@4.4.0": {
      "integrity": "sha512-9asTNB9IkKEzWMcHmVZE7Ts3kC9G7AFHfs8i7caD8HbI76gEjdkId4z/AkP83xdZsH7PLAnnbl47qZkXuxpArw==",
      "dependencies": [
        "yaml"
      ]
    },
    "path-to-regexp@6.3.0": {
      "integrity": "sha512-Yhpw4T9C6hPpgPeA28us07OJeqZ5EzQTkbfwuhsUg0c237RomFoETJgmp2sa3F/41gfLE6G5cqcYwznmeEeOlQ=="
    },
    "preact-iso@2.9.0_preact@10.26.2_preact-render-to-string@6.5.13__preact@10.26.2": {
      "integrity": "sha512-pJ3j4Aeqoe5MTGM96wB5JXaHbW3HB9PF5WxYJb//+pySc3hP1FoDIKwxi2OlLZtMW59gG8LvPwE8lUo1Ndk9ZA==",
      "dependencies": [
        "preact",
        "preact-render-to-string"
      ]
    },
    "preact-render-to-string@6.5.13_preact@10.26.2": {
      "integrity": "sha512-iGPd+hKPMFKsfpR2vL4kJ6ZPcFIoWZEcBf0Dpm3zOpdVvj77aY8RlLiQji5OMrngEyaxGogeakTb54uS2FvA6w==",
      "dependencies": [
        "preact"
      ]
    },
    "preact@10.26.2": {
      "integrity": "sha512-0gNmv4qpS9HaN3+40CLBAnKe0ZfyE4ZWo5xKlC1rVrr0ckkEvJvAQqKaHANdFKsGstoxrY4AItZ7kZSGVoVjgg=="
    },
    "source-map@0.6.1": {
      "integrity": "sha512-UjgapumWlbMhkBgzT7Ykc5YXUT46F0iKu8SGXq0bcwP5dz/h0Plj6enJqjz1Zbq2l5WaqYnrVbwWOWMyF3F47g=="
    },
    "typescript@5.7.3": {
      "integrity": "sha512-84MVSjMEHP+FQRPy3pX9sTVV/INIex71s9TL2Gm5FG/WG1SqXeKyZ0k7/blY/4FdOzI12CBy1vGc4og/eus0fw=="
    },
    "uglify-js@3.19.3": {
      "integrity": "sha512-v3Xu+yuwBXisp6QYTcH4UbH+xYJXqnq2m/LtQVWKWzYc1iehYnLixoQDN9FH6/j9/oybfd6W9Ghwkl8+UMKTKQ=="
    },
    "yaml@2.7.0": {
      "integrity": "sha512-+hSoy/QHluxmC9kCIJyL/uyFmLmc+e5CFR5Wa+bpIhIj85LVb9ZH2nVnqrHoSvKogwODv0ClqZkmiSSaIH5LTA=="
    },
    "zod@3.24.2": {
      "integrity": "sha512-lY7CDW43ECgW9u1TcT3IoXHflywfVqDYze4waEz812jR/bZ8FHDsl7pFQoSZTz5N+2NqRXs8GBwnAwo3ZNxqhQ=="
    }
  },
  "workspace": {
    "dependencies": [
      "jsr:@fullsoak/fullsoak@0.11",
      "npm:preact-iso@^2.9.0",
      "npm:preact@^10.26.2"
    ]
  }
}
